
Microsoft Visual Studio Solution File, Format Version 12.00
# Visual Studio Version 17
VisualStudioVersion = 17.3.32929.385
MinimumVisualStudioVersion = 10.0.40219.1
Project("{FAE04EC0-301F-11D3-BF4B-00C04F79EFBC}") = "Consumer", "Consumer\Consumer.csproj", "{EDDC25DE-FFAB-44CC-94B5-BE7BF6A6D9EA}"
EndProject
Global
	GlobalSection(SolutionConfigurationPlatforms) = preSolution
		Debug|Any CPU = Debug|Any CPU
		Release|Any CPU = Release|Any CPU
	EndGlobalSection
	GlobalSection(ProjectConfigurationPlatforms) = postSolution
		{EDDC25DE-FFAB-44CC-94B5-BE7BF6A6D9EA}.Debug|Any CPU.ActiveCfg = Debug|Any CPU
		{EDDC25DE-FFAB-44CC-94B5-BE7BF6A6D9EA}.Debug|Any CPU.Build.0 = Debug|Any CPU
		{EDDC25DE-FFAB-44CC-94B5-BE7BF6A6D9EA}.Release|Any CPU.ActiveCfg = Release|Any CPU
		{EDDC25DE-FFAB-44CC-94B5-BE7BF6A6D9EA}.Release|Any CPU.Build.0 = Release|Any CPU
	EndGlobalSection
	GlobalSection(SolutionProperties) = preSolution
		HideSolutionNode = FALSE
	EndGlobalSection
	GlobalSection(ExtensibilityGlobals) = postSolution
		SolutionGuid = {4A7D5CE2-2682-46BF-9C60-81B4D50659EA}
	EndGlobalSection
EndGlobal
